
Microsoft Visual Studio Solution File, Format Version 12.00
Project("{FAE04EC0-301F-11D3-BF4B-00C04F79EFBC}") = "PatchApplication", "PatchApplication.csproj", "{5F679E1F-99F8-4829-B2FF-3E7372009D4D}"
EndProject
Global
	GlobalSection(SolutionConfigurationPlatforms) = preSolution
		Debug|Any CPU = Debug|Any CPU
		Release|Any CPU = Release|Any CPU
	EndGlobalSection
	GlobalSection(ProjectConfigurationPlatforms) = postSolution
		{5F679E1F-99F8-4829-B2FF-3E7372009D4D}.Debug|Any CPU.ActiveCfg = Debug|Any CPU
		{5F679E1F-99F8-4829-B2FF-3E7372009D4D}.Debug|Any CPU.Build.0 = Debug|Any CPU
		{5F679E1F-99F8-4829-B2FF-3E7372009D4D}.Release|Any CPU.ActiveCfg = Release|Any CPU
		{5F679E1F-99F8-4829-B2FF-3E7372009D4D}.Release|Any CPU.Build.0 = Release|Any CPU
	EndGlobalSection
EndGlobal
